
Microsoft Visual Studio Solution File, Format Version 12.00
# Visual Studio Version 17
VisualStudioVersion = 17.7.34202.233
MinimumVisualStudioVersion = 10.0.40219.1
Project("{9A19103F-16F7-4668-BE54-9A1E7A4F7556}") = "WebApi", "WebApi\WebApi.csproj", "{ADC285AB-3A10-415D-99C7-DD14A0007783}"
EndProject
Project("{9A19103F-16F7-4668-BE54-9A1E7A4F7556}") = "Entities", "Entities\Entities.csproj", "{50E85239-8556-4EC3-9D9A-C01DB0B832CB}"
EndProject
Project("{9A19103F-16F7-4668-BE54-9A1E7A4F7556}") = "Repositories", "Repositories\Repositories.csproj", "{070D585E-08C6-460D-A551-7435BA328CD7}"
EndProject
Project("{9A19103F-16F7-4668-BE54-9A1E7A4F7556}") = "Services", "Services\Services.csproj", "{F92F3A6C-C357-44E6-B794-4DC9163E605E}"
EndProject
Project("{FAE04EC0-301F-11D3-BF4B-00C04F79EFBC}") = "Presentation", "Presentation\Presentation.csproj", "{E9283F78-313D-4FE4-A187-829DC67221E8}"
EndProject
Global
	GlobalSection(SolutionConfigurationPlatforms) = preSolution
		Debug|Any CPU = Debug|Any CPU
		Release|Any CPU = Release|Any CPU
	EndGlobalSection
	GlobalSection(ProjectConfigurationPlatforms) = postSolution
		{ADC285AB-3A10-415D-99C7-DD14A0007783}.Debug|Any CPU.ActiveCfg = Debug|Any CPU
		{ADC285AB-3A10-415D-99C7-DD14A0007783}.Debug|Any CPU.Build.0 = Debug|Any CPU
		{ADC285AB-3A10-415D-99C7-DD14A0007783}.Release|Any CPU.ActiveCfg = Release|Any CPU
		{ADC285AB-3A10-415D-99C7-DD14A0007783}.Release|Any CPU.Build.0 = Release|Any CPU
		{50E85239-8556-4EC3-9D9A-C01DB0B832CB}.Debug|Any CPU.ActiveCfg = Debug|Any CPU
		{50E85239-8556-4EC3-9D9A-C01DB0B832CB}.Debug|Any CPU.Build.0 = Debug|Any CPU
		{50E85239-8556-4EC3-9D9A-C01DB0B832CB}.Release|Any CPU.ActiveCfg = Release|Any CPU
		{50E85239-8556-4EC3-9D9A-C01DB0B832CB}.Release|Any CPU.Build.0 = Release|Any CPU
		{070D585E-08C6-460D-A551-7435BA328CD7}.Debug|Any CPU.ActiveCfg = Debug|Any CPU
		{070D585E-08C6-460D-A551-7435BA328CD7}.Debug|Any CPU.Build.0 = Debug|Any CPU
		{070D585E-08C6-460D-A551-7435BA328CD7}.Release|Any CPU.ActiveCfg = Release|Any CPU
		{070D585E-08C6-460D-A551-7435BA328CD7}.Release|Any CPU.Build.0 = Release|Any CPU
		{F92F3A6C-C357-44E6-B794-4DC9163E605E}.Debug|Any CPU.ActiveCfg = Debug|Any CPU
		{F92F3A6C-C357-44E6-B794-4DC9163E605E}.Debug|Any CPU.Build.0 = Debug|Any CPU
		{F92F3A6C-C357-44E6-B794-4DC9163E605E}.Release|Any CPU.ActiveCfg = Release|Any CPU
		{F92F3A6C-C357-44E6-B794-4DC9163E605E}.Release|Any CPU.Build.0 = Release|Any CPU
		{E9283F78-313D-4FE4-A187-829DC67221E8}.Debug|Any CPU.ActiveCfg = Debug|Any CPU
		{E9283F78-313D-4FE4-A187-829DC67221E8}.Debug|Any CPU.Build.0 = Debug|Any CPU
		{E9283F78-313D-4FE4-A187-829DC67221E8}.Release|Any CPU.ActiveCfg = Release|Any CPU
		{E9283F78-313D-4FE4-A187-829DC67221E8}.Release|Any CPU.Build.0 = Release|Any CPU
	EndGlobalSection
	GlobalSection(SolutionProperties) = preSolution
		HideSolutionNode = FALSE
	EndGlobalSection
	GlobalSection(ExtensibilityGlobals) = postSolution
		SolutionGuid = {85BC4395-323C-4E2B-9E99-A331F1E254B6}
	EndGlobalSection
EndGlobal
